
Microsoft Visual Studio Solution File, Format Version 12.00
# Visual Studio Version 16
VisualStudioVersion = 16.0.30330.147
MinimumVisualStudioVersion = 10.0.40219.1
Project("{8BC9CEB8-8B4A-11D0-8D11-00A0C91BC942}") = "Final_Adventure", "Final_Adventure\Final_Adventure.vcxproj", "{3847FB72-50C3-4F02-9569-AEA5EBE0BB10}"
EndProject
Global
	GlobalSection(SolutionConfigurationPlatforms) = preSolution
		Debug|x64 = Debug|x64
		Debug|x86 = Debug|x86
		Release|x64 = Release|x64
		Release|x86 = Release|x86
	EndGlobalSection
	GlobalSection(ProjectConfigurationPlatforms) = postSolution
		{3847FB72-50C3-4F02-9569-AEA5EBE0BB10}.Debug|x64.ActiveCfg = Debug|x64
		{3847FB72-50C3-4F02-9569-AEA5EBE0BB10}.Debug|x64.Build.0 = Debug|x64
		{3847FB72-50C3-4F02-9569-AEA5EBE0BB10}.Debug|x86.ActiveCfg = Debug|Win32
		{3847FB72-50C3-4F02-9569-AEA5EBE0BB10}.Debug|x86.Build.0 = Debug|Win32
		{3847FB72-50C3-4F02-9569-AEA5EBE0BB10}.Release|x64.ActiveCfg = Release|x64
		{3847FB72-50C3-4F02-9569-AEA5EBE0BB10}.Release|x64.Build.0 = Release|x64
		{3847FB72-50C3-4F02-9569-AEA5EBE0BB10}.Release|x86.ActiveCfg = Release|Win32
		{3847FB72-50C3-4F02-9569-AEA5EBE0BB10}.Release|x86.Build.0 = Release|Win32
	EndGlobalSection
	GlobalSection(SolutionProperties) = preSolution
		HideSolutionNode = FALSE
	EndGlobalSection
	GlobalSection(ExtensibilityGlobals) = postSolution
		SolutionGuid = {AF705EA4-2276-4057-BB8D-513455FFF0D8}
	EndGlobalSection
EndGlobal
